
Microsoft Visual Studio Solution File, Format Version 12.00
# Visual Studio Version 17
VisualStudioVersion = 17.9.34414.90
MinimumVisualStudioVersion = 10.0.40219.1
Project("{9A19103F-16F7-4668-BE54-9A1E7A4F7556}") = "LegacyRPG.Application", "LegacyRPG.Application\LegacyRPG.Application.csproj", "{A8007431-92DD-4D95-AC81-BD2B4CB5D440}"
EndProject
Project("{FAE04EC0-301F-11D3-BF4B-00C04F79EFBC}") = "LegacyRPG.Domain", "LegacyRPG.Domain\LegacyRPG.Domain.csproj", "{FA5458B1-7A2A-4D5E-BC2D-11941F245A98}"
EndProject
Project("{FAE04EC0-301F-11D3-BF4B-00C04F79EFBC}") = "LegacyRPG.Documentation", "LegacyRPG.Documentation\LegacyRPG.Documentation.csproj", "{64AA4A23-A0AD-486E-B811-087AF339E265}"
EndProject
Project("{FAE04EC0-301F-11D3-BF4B-00C04F79EFBC}") = "LegacyRPG.Infrastructure", "LegacyRPG.Infrastructure\LegacyRPG.Infrastructure.csproj", "{66BBB175-8B58-4D62-8007-1AA70E86ACF1}"
EndProject
Project("{FAE04EC0-301F-11D3-BF4B-00C04F79EFBC}") = "LegacyRPG.Services", "LegacyRPG.Services\LegacyRPG.Services.csproj", "{627A2AAE-7D29-4645-881C-BD8C45F7292B}"
EndProject
Project("{FAE04EC0-301F-11D3-BF4B-00C04F79EFBC}") = "LegacyRPG.Shared", "LegacyRPG.Shared\LegacyRPG.Shared.csproj", "{5B2574AB-CE7D-4CEC-B228-C8E99234659B}"
EndProject
Global
	GlobalSection(SolutionConfigurationPlatforms) = preSolution
		Debug|Any CPU = Debug|Any CPU
		Release|Any CPU = Release|Any CPU
	EndGlobalSection
	GlobalSection(ProjectConfigurationPlatforms) = postSolution
		{A8007431-92DD-4D95-AC81-BD2B4CB5D440}.Debug|Any CPU.ActiveCfg = Debug|Any CPU
		{A8007431-92DD-4D95-AC81-BD2B4CB5D440}.Debug|Any CPU.Build.0 = Debug|Any CPU
		{A8007431-92DD-4D95-AC81-BD2B4CB5D440}.Release|Any CPU.ActiveCfg = Release|Any CPU
		{A8007431-92DD-4D95-AC81-BD2B4CB5D440}.Release|Any CPU.Build.0 = Release|Any CPU
		{FA5458B1-7A2A-4D5E-BC2D-11941F245A98}.Debug|Any CPU.ActiveCfg = Debug|Any CPU
		{FA5458B1-7A2A-4D5E-BC2D-11941F245A98}.Debug|Any CPU.Build.0 = Debug|Any CPU
		{FA5458B1-7A2A-4D5E-BC2D-11941F245A98}.Release|Any CPU.ActiveCfg = Release|Any CPU
		{FA5458B1-7A2A-4D5E-BC2D-11941F245A98}.Release|Any CPU.Build.0 = Release|Any CPU
		{64AA4A23-A0AD-486E-B811-087AF339E265}.Debug|Any CPU.ActiveCfg = Debug|Any CPU
		{64AA4A23-A0AD-486E-B811-087AF339E265}.Debug|Any CPU.Build.0 = Debug|Any CPU
		{64AA4A23-A0AD-486E-B811-087AF339E265}.Release|Any CPU.ActiveCfg = Release|Any CPU
		{64AA4A23-A0AD-486E-B811-087AF339E265}.Release|Any CPU.Build.0 = Release|Any CPU
		{66BBB175-8B58-4D62-8007-1AA70E86ACF1}.Debug|Any CPU.ActiveCfg = Debug|Any CPU
		{66BBB175-8B58-4D62-8007-1AA70E86ACF1}.Debug|Any CPU.Build.0 = Debug|Any CPU
		{66BBB175-8B58-4D62-8007-1AA70E86ACF1}.Release|Any CPU.ActiveCfg = Release|Any CPU
		{66BBB175-8B58-4D62-8007-1AA70E86ACF1}.Release|Any CPU.Build.0 = Release|Any CPU
		{627A2AAE-7D29-4645-881C-BD8C45F7292B}.Debug|Any CPU.ActiveCfg = Debug|Any CPU
		{627A2AAE-7D29-4645-881C-BD8C45F7292B}.Debug|Any CPU.Build.0 = Debug|Any CPU
		{627A2AAE-7D29-4645-881C-BD8C45F7292B}.Release|Any CPU.ActiveCfg = Release|Any CPU
		{627A2AAE-7D29-4645-881C-BD8C45F7292B}.Release|Any CPU.Build.0 = Release|Any CPU
		{5B2574AB-CE7D-4CEC-B228-C8E99234659B}.Debug|Any CPU.ActiveCfg = Debug|Any CPU
		{5B2574AB-CE7D-4CEC-B228-C8E99234659B}.Debug|Any CPU.Build.0 = Debug|Any CPU
		{5B2574AB-CE7D-4CEC-B228-C8E99234659B}.Release|Any CPU.ActiveCfg = Release|Any CPU
		{5B2574AB-CE7D-4CEC-B228-C8E99234659B}.Release|Any CPU.Build.0 = Release|Any CPU
	EndGlobalSection
	GlobalSection(SolutionProperties) = preSolution
		HideSolutionNode = FALSE
	EndGlobalSection
	GlobalSection(ExtensibilityGlobals) = postSolution
		SolutionGuid = {63112D78-C352-477A-A3A0-85825D03C6C7}
	EndGlobalSection
EndGlobal
